
Microsoft Visual Studio Solution File, Format Version 12.00
# Visual Studio Version 17
VisualStudioVersion = 17.10.35122.118
MinimumVisualStudioVersion = 10.0.40219.1
Project("{FAE04EC0-301F-11D3-BF4B-00C04F79EFBC}") = "StackOverflow", "StackOverflow\StackOverflow.csproj", "{D6AC01E8-CE00-481A-9FCC-FD01E975A08D}"
EndProject
Project("{FAE04EC0-301F-11D3-BF4B-00C04F79EFBC}") = "StackOverflow.DomainModels", "StackOverflow.DomainModels\StackOverflow.DomainModels.csproj", "{7CCF3BAC-F421-4C3B-8335-C2DB9246325A}"
EndProject
Project("{FAE04EC0-301F-11D3-BF4B-00C04F79EFBC}") = "StackOverflow.ViewModels", "StackOverflow.ViewModels\StackOverflow.ViewModels.csproj", "{563C180E-584E-4CFB-A35D-2A7DB5E492B2}"
EndProject
Project("{FAE04EC0-301F-11D3-BF4B-00C04F79EFBC}") = "StackOverflow.Repositories", "StackOverflow.Repositories\StackOverflow.Repositories.csproj", "{EC4075F9-55DD-46CA-922D-DFFFCD0CF0FB}"
EndProject
Project("{FAE04EC0-301F-11D3-BF4B-00C04F79EFBC}") = "StackOverflow.ServiceLayer", "StackOverflow.ServiceLayer\StackOverflow.ServiceLayer.csproj", "{31A7A42F-B319-4860-BBC7-2A2DC4B9675F}"
EndProject
Global
	GlobalSection(SolutionConfigurationPlatforms) = preSolution
		Debug|Any CPU = Debug|Any CPU
		Release|Any CPU = Release|Any CPU
	EndGlobalSection
	GlobalSection(ProjectConfigurationPlatforms) = postSolution
		{D6AC01E8-CE00-481A-9FCC-FD01E975A08D}.Debug|Any CPU.ActiveCfg = Debug|Any CPU
		{D6AC01E8-CE00-481A-9FCC-FD01E975A08D}.Debug|Any CPU.Build.0 = Debug|Any CPU
		{D6AC01E8-CE00-481A-9FCC-FD01E975A08D}.Release|Any CPU.ActiveCfg = Release|Any CPU
		{D6AC01E8-CE00-481A-9FCC-FD01E975A08D}.Release|Any CPU.Build.0 = Release|Any CPU
		{7CCF3BAC-F421-4C3B-8335-C2DB9246325A}.Debug|Any CPU.ActiveCfg = Debug|Any CPU
		{7CCF3BAC-F421-4C3B-8335-C2DB9246325A}.Debug|Any CPU.Build.0 = Debug|Any CPU
		{7CCF3BAC-F421-4C3B-8335-C2DB9246325A}.Release|Any CPU.ActiveCfg = Release|Any CPU
		{7CCF3BAC-F421-4C3B-8335-C2DB9246325A}.Release|Any CPU.Build.0 = Release|Any CPU
		{563C180E-584E-4CFB-A35D-2A7DB5E492B2}.Debug|Any CPU.ActiveCfg = Debug|Any CPU
		{563C180E-584E-4CFB-A35D-2A7DB5E492B2}.Debug|Any CPU.Build.0 = Debug|Any CPU
		{563C180E-584E-4CFB-A35D-2A7DB5E492B2}.Release|Any CPU.ActiveCfg = Release|Any CPU
		{563C180E-584E-4CFB-A35D-2A7DB5E492B2}.Release|Any CPU.Build.0 = Release|Any CPU
		{EC4075F9-55DD-46CA-922D-DFFFCD0CF0FB}.Debug|Any CPU.ActiveCfg = Debug|Any CPU
		{EC4075F9-55DD-46CA-922D-DFFFCD0CF0FB}.Debug|Any CPU.Build.0 = Debug|Any CPU
		{EC4075F9-55DD-46CA-922D-DFFFCD0CF0FB}.Release|Any CPU.ActiveCfg = Release|Any CPU
		{EC4075F9-55DD-46CA-922D-DFFFCD0CF0FB}.Release|Any CPU.Build.0 = Release|Any CPU
		{31A7A42F-B319-4860-BBC7-2A2DC4B9675F}.Debug|Any CPU.ActiveCfg = Debug|Any CPU
		{31A7A42F-B319-4860-BBC7-2A2DC4B9675F}.Debug|Any CPU.Build.0 = Debug|Any CPU
		{31A7A42F-B319-4860-BBC7-2A2DC4B9675F}.Release|Any CPU.ActiveCfg = Release|Any CPU
		{31A7A42F-B319-4860-BBC7-2A2DC4B9675F}.Release|Any CPU.Build.0 = Release|Any CPU
	EndGlobalSection
	GlobalSection(SolutionProperties) = preSolution
		HideSolutionNode = FALSE
	EndGlobalSection
	GlobalSection(ExtensibilityGlobals) = postSolution
		SolutionGuid = {22A38F82-EBFA-430D-ABAF-B5EEA3B91C07}
	EndGlobalSection
EndGlobal
